
Microsoft Visual Studio Solution File, Format Version 12.00
# Visual Studio 15
VisualStudioVersion = 15.0.27428.2015
MinimumVisualStudioVersion = 10.0.40219.1
Project("{FAE04EC0-301F-11D3-BF4B-00C04F79EFBC}") = "Serwis_mieszkaniowy", "Serwis_mieszkaniowy\Serwis_mieszkaniowy.csproj", "{7B8EC63C-2295-45CE-8B48-E9E9818032AA}"
EndProject
Global
	GlobalSection(SolutionConfigurationPlatforms) = preSolution
		Debug|Any CPU = Debug|Any CPU
		Release|Any CPU = Release|Any CPU
	EndGlobalSection
	GlobalSection(ProjectConfigurationPlatforms) = postSolution
		{7B8EC63C-2295-45CE-8B48-E9E9818032AA}.Debug|Any CPU.ActiveCfg = Debug|Any CPU
		{7B8EC63C-2295-45CE-8B48-E9E9818032AA}.Debug|Any CPU.Build.0 = Debug|Any CPU
		{7B8EC63C-2295-45CE-8B48-E9E9818032AA}.Release|Any CPU.ActiveCfg = Release|Any CPU
		{7B8EC63C-2295-45CE-8B48-E9E9818032AA}.Release|Any CPU.Build.0 = Release|Any CPU
	EndGlobalSection
	GlobalSection(SolutionProperties) = preSolution
		HideSolutionNode = FALSE
	EndGlobalSection
	GlobalSection(ExtensibilityGlobals) = postSolution
		SolutionGuid = {269872E1-75F6-4C84-854A-8A87B7EAD614}
	EndGlobalSection
EndGlobal
